// !$*UTF8*$!
{
	archiveVersion = 1;
	classes = {
	};
	objectVersion = 51;
	objects = {

/* Begin PBXBuildFile section */
		393E8EC4DCB5972CD767B139 /* Pods_CerbuApp.framework in Frameworks */ = {isa = PBXBuildFile; fileRef = 3A0753A93964E5C2BDA86EB8 /* Pods_CerbuApp.framework */; };
		8A1C6EE80C09B0A02B6B8CD1 /* Pods_CerbuAppUITests.framework in Frameworks */ = {isa = PBXBuildFile; fileRef = 73D5FDA5D36625C66C370E51 /* Pods_CerbuAppUITests.framework */; };
		C404058222DEA3D000259C86 /* AppDelegate.swift in Sources */ = {isa = PBXBuildFile; fileRef = C404058122DEA3D000259C86 /* AppDelegate.swift */; };
		C404058422DEA3D000259C86 /* SceneDelegate.swift in Sources */ = {isa = PBXBuildFile; fileRef = C404058322DEA3D000259C86 /* SceneDelegate.swift */; };
		C404058622DEA3D000259C86 /* ViewController.swift in Sources */ = {isa = PBXBuildFile; fileRef = C404058522DEA3D000259C86 /* ViewController.swift */; };
		C404058922DEA3D000259C86 /* Main.storyboard in Resources */ = {isa = PBXBuildFile; fileRef = C404058722DEA3D000259C86 /* Main.storyboard */; };
		C404058B22DEA3D100259C86 /* Assets.xcassets in Resources */ = {isa = PBXBuildFile; fileRef = C404058A22DEA3D100259C86 /* Assets.xcassets */; };
		C404058E22DEA3D100259C86 /* LaunchScreen.storyboard in Resources */ = {isa = PBXBuildFile; fileRef = C404058C22DEA3D100259C86 /* LaunchScreen.storyboard */; };
		C404059922DEA3D100259C86 /* CerbuAppTests.swift in Sources */ = {isa = PBXBuildFile; fileRef = C404059822DEA3D100259C86 /* CerbuAppTests.swift */; };
		C40405A422DEA3D100259C86 /* CerbuAppUITests.swift in Sources */ = {isa = PBXBuildFile; fileRef = C40405A322DEA3D100259C86 /* CerbuAppUITests.swift */; };
		C409DCB8250C3E0400DC281B /* QRScannerView.swift in Sources */ = {isa = PBXBuildFile; fileRef = C409DCB7250C3E0400DC281B /* QRScannerView.swift */; };
		C433A76A235463C900C6E84F /* NotificationComposerController.swift in Sources */ = {isa = PBXBuildFile; fileRef = C433A769235463C900C6E84F /* NotificationComposerController.swift */; };
		C433A76C2354790600C6E84F /* NotificationsTableViewController.swift in Sources */ = {isa = PBXBuildFile; fileRef = C433A76B2354790600C6E84F /* NotificationsTableViewController.swift */; };
		C433A76E2354797000C6E84F /* NotificationCell.swift in Sources */ = {isa = PBXBuildFile; fileRef = C433A76D2354797000C6E84F /* NotificationCell.swift */; };
		C43B49EB22E62A1300DEF572 /* Person.swift in Sources */ = {isa = PBXBuildFile; fileRef = C43B49EA22E62A1300DEF572 /* Person.swift */; };
		C446941E22DF69FB006027A8 /* TableViewController.swift in Sources */ = {isa = PBXBuildFile; fileRef = C446941D22DF69FB006027A8 /* TableViewController.swift */; };
		C4615BDA2325045500C04EE7 /* FilterTableViewController.swift in Sources */ = {isa = PBXBuildFile; fileRef = C4615BD92325045500C04EE7 /* FilterTableViewController.swift */; };
		C463F53622DFDFC3003E2C64 /* libsqlite3.tbd in Frameworks */ = {isa = PBXBuildFile; fileRef = C463F53522DFDFAF003E2C64 /* libsqlite3.tbd */; };
		C4729F6E233663400037222D /* BarcodeViewController.swift in Sources */ = {isa = PBXBuildFile; fileRef = C4729F6D233663400037222D /* BarcodeViewController.swift */; };
		C4729F702336A55B0037222D /* ImagePickerController.swift in Sources */ = {isa = PBXBuildFile; fileRef = C4729F6F2336A55B0037222D /* ImagePickerController.swift */; };
		C48BD7FF233BB0E600FE1C69 /* GoogleService-Info.plist in Resources */ = {isa = PBXBuildFile; fileRef = C48BD7FE233BB0E600FE1C69 /* GoogleService-Info.plist */; };
		C48D5AEB22F4A88A00695DB2 /* database.db in Resources */ = {isa = PBXBuildFile; fileRef = C48D5AEA22F4984B00695DB2 /* database.db */; };
		C49AFCD722FAE72E00A20C5D /* CardView.swift in Sources */ = {isa = PBXBuildFile; fileRef = C49AFCD622FAE72E00A20C5D /* CardView.swift */; };
		C49AFCD922FDA5FD00A20C5D /* MainTableViewCell.swift in Sources */ = {isa = PBXBuildFile; fileRef = C49AFCD822FDA5FD00A20C5D /* MainTableViewCell.swift */; };
		C4ACF173233566CB00198891 /* MagazineController.swift in Sources */ = {isa = PBXBuildFile; fileRef = C4ACF172233566CB00198891 /* MagazineController.swift */; };
		C4ACF1752335673A00198891 /* PatioInterior.pdf in Resources */ = {isa = PBXBuildFile; fileRef = C4ACF1742335673900198891 /* PatioInterior.pdf */; };
		C4B32CE123264F77007DC778 /* SettingsViewController.swift in Sources */ = {isa = PBXBuildFile; fileRef = C4B32CE023264F77007DC778 /* SettingsViewController.swift */; };
		C4CD76E72300F1BB00964509 /* BoletinViewController.swift in Sources */ = {isa = PBXBuildFile; fileRef = C4CD76E62300F1BB00964509 /* BoletinViewController.swift */; };
		C4CD76E92300F82100964509 /* WebKit.framework in Frameworks */ = {isa = PBXBuildFile; fileRef = C4CD76E82300F82100964509 /* WebKit.framework */; };
		C4CD76EB2300F86100964509 /* MenuViewController.swift in Sources */ = {isa = PBXBuildFile; fileRef = C4CD76EA2300F86100964509 /* MenuViewController.swift */; };
		C4E847CD22DFA27700F82843 /* PersonTableViewCell.swift in Sources */ = {isa = PBXBuildFile; fileRef = C4E847CC22DFA27700F82843 /* PersonTableViewCell.swift */; };
		C4F95C5A22F5E5FA00E3E5BD /* DetailsViewController.swift in Sources */ = {isa = PBXBuildFile; fileRef = C4F95C5922F5E5FA00E3E5BD /* DetailsViewController.swift */; };
		CD6FB2DE59F20C4F0E33EFE5 /* Pods_CerbuAppTests.framework in Frameworks */ = {isa = PBXBuildFile; fileRef = 7FF28CAF2CAC04C83DB668F1 /* Pods_CerbuAppTests.framework */; };
/* End PBXBuildFile section */

/* Begin PBXContainerItemProxy section */
		C404059522DEA3D100259C86 /* PBXContainerItemProxy */ = {
			isa = PBXContainerItemProxy;
			containerPortal = C404057622DEA3D000259C86 /* Project object */;
			proxyType = 1;
			remoteGlobalIDString = C404057D22DEA3D000259C86;
			remoteInfo = CerbuApp;
		};
		C40405A022DEA3D100259C86 /* PBXContainerItemProxy */ = {
			isa = PBXContainerItemProxy;
			containerPortal = C404057622DEA3D000259C86 /* Project object */;
			proxyType = 1;
			remoteGlobalIDString = C404057D22DEA3D000259C86;
			remoteInfo = CerbuApp;
		};
/* End PBXContainerItemProxy section */

/* Begin PBXCopyFilesBuildPhase section */
		C442F4EC233287ED00DD85D8 /* Embed Watch Content */ = {
			isa = PBXCopyFilesBuildPhase;
			buildActionMask = 2147483647;
			dstPath = "$(CONTENTS_FOLDER_PATH)/Watch";
			dstSubfolderSpec = 16;
			files = (
			);
			name = "Embed Watch Content";
			runOnlyForDeploymentPostprocessing = 0;
		};
/* End PBXCopyFilesBuildPhase section */

/* Begin PBXFileReference section */
		02AA4FFFD8F4237DA3616AD0 /* Pods_CerbuApp_Watch.framework */ = {isa = PBXFileReference; explicitFileType = wrapper.framework; includeInIndex = 0; path = Pods_CerbuApp_Watch.framework; sourceTree = BUILT_PRODUCTS_DIR; };
		2986DC7BE9A42B1ECDE1075B /* Pods_CerbuApp_Watch_Extension.framework */ = {isa = PBXFileReference; explicitFileType = wrapper.framework; includeInIndex = 0; path = Pods_CerbuApp_Watch_Extension.framework; sourceTree = BUILT_PRODUCTS_DIR; };
		31A7BA85993E23A83BD18FC3 /* Pods-CerbuApp Watch.release.xcconfig */ = {isa = PBXFileReference; includeInIndex = 1; lastKnownFileType = text.xcconfig; name = "Pods-CerbuApp Watch.release.xcconfig"; path = "Target Support Files/Pods-CerbuApp Watch/Pods-CerbuApp Watch.release.xcconfig"; sourceTree = "<group>"; };
		3A0753A93964E5C2BDA86EB8 /* Pods_CerbuApp.framework */ = {isa = PBXFileReference; explicitFileType = wrapper.framework; includeInIndex = 0; path = Pods_CerbuApp.framework; sourceTree = BUILT_PRODUCTS_DIR; };
		6CCE65D9807C2CB757E3B4ED /* Pods-CerbuAppUITests.release.xcconfig */ = {isa = PBXFileReference; includeInIndex = 1; lastKnownFileType = text.xcconfig; name = "Pods-CerbuAppUITests.release.xcconfig"; path = "Target Support Files/Pods-CerbuAppUITests/Pods-CerbuAppUITests.release.xcconfig"; sourceTree = "<group>"; };
		73D5FDA5D36625C66C370E51 /* Pods_CerbuAppUITests.framework */ = {isa = PBXFileReference; explicitFileType = wrapper.framework; includeInIndex = 0; path = Pods_CerbuAppUITests.framework; sourceTree = BUILT_PRODUCTS_DIR; };
		7C037290900C1183EF7EA80C /* Pods-CerbuAppTests.release.xcconfig */ = {isa = PBXFileReference; includeInIndex = 1; lastKnownFileType = text.xcconfig; name = "Pods-CerbuAppTests.release.xcconfig"; path = "Target Support Files/Pods-CerbuAppTests/Pods-CerbuAppTests.release.xcconfig"; sourceTree = "<group>"; };
		7FF28CAF2CAC04C83DB668F1 /* Pods_CerbuAppTests.framework */ = {isa = PBXFileReference; explicitFileType = wrapper.framework; includeInIndex = 0; path = Pods_CerbuAppTests.framework; sourceTree = BUILT_PRODUCTS_DIR; };
		897787430C88C6679727BF82 /* Pods-CerbuApp Watch.debug.xcconfig */ = {isa = PBXFileReference; includeInIndex = 1; lastKnownFileType = text.xcconfig; name = "Pods-CerbuApp Watch.debug.xcconfig"; path = "Target Support Files/Pods-CerbuApp Watch/Pods-CerbuApp Watch.debug.xcconfig"; sourceTree = "<group>"; };
		8FC78B6F16FC392481E794C5 /* Pods-CerbuApp.debug.xcconfig */ = {isa = PBXFileReference; includeInIndex = 1; lastKnownFileType = text.xcconfig; name = "Pods-CerbuApp.debug.xcconfig"; path = "Target Support Files/Pods-CerbuApp/Pods-CerbuApp.debug.xcconfig"; sourceTree = "<group>"; };
		9683DEC319ADA670A3FFCB3E /* Pods-CerbuAppUITests.debug.xcconfig */ = {isa = PBXFileReference; includeInIndex = 1; lastKnownFileType = text.xcconfig; name = "Pods-CerbuAppUITests.debug.xcconfig"; path = "Target Support Files/Pods-CerbuAppUITests/Pods-CerbuAppUITests.debug.xcconfig"; sourceTree = "<group>"; };
		9EFF703FEDE6E9A340663624 /* Pods-CerbuApp Watch Extension.release.xcconfig */ = {isa = PBXFileReference; includeInIndex = 1; lastKnownFileType = text.xcconfig; name = "Pods-CerbuApp Watch Extension.release.xcconfig"; path = "Target Support Files/Pods-CerbuApp Watch Extension/Pods-CerbuApp Watch Extension.release.xcconfig"; sourceTree = "<group>"; };
		B270631D976E7C149B532F05 /* Pods-CerbuApp Watch Extension.debug.xcconfig */ = {isa = PBXFileReference; includeInIndex = 1; lastKnownFileType = text.xcconfig; name = "Pods-CerbuApp Watch Extension.debug.xcconfig"; path = "Target Support Files/Pods-CerbuApp Watch Extension/Pods-CerbuApp Watch Extension.debug.xcconfig"; sourceTree = "<group>"; };
		BF09ADEF7739AB828A42A96D /* Pods-CerbuAppTests.debug.xcconfig */ = {isa = PBXFileReference; includeInIndex = 1; lastKnownFileType = text.xcconfig; name = "Pods-CerbuAppTests.debug.xcconfig"; path = "Target Support Files/Pods-CerbuAppTests/Pods-CerbuAppTests.debug.xcconfig"; sourceTree = "<group>"; };
		C404057E22DEA3D000259C86 /* CerbuApp.app */ = {isa = PBXFileReference; explicitFileType = wrapper.application; includeInIndex = 0; path = CerbuApp.app; sourceTree = BUILT_PRODUCTS_DIR; };
		C404058122DEA3D000259C86 /* AppDelegate.swift */ = {isa = PBXFileReference; lastKnownFileType = sourcecode.swift; path = AppDelegate.swift; sourceTree = "<group>"; };
		C404058322DEA3D000259C86 /* SceneDelegate.swift */ = {isa = PBXFileReference; lastKnownFileType = sourcecode.swift; path = SceneDelegate.swift; sourceTree = "<group>"; };
		C404058522DEA3D000259C86 /* ViewController.swift */ = {isa = PBXFileReference; lastKnownFileType = sourcecode.swift; path = ViewController.swift; sourceTree = "<group>"; };
		C404058822DEA3D000259C86 /* Base */ = {isa = PBXFileReference; lastKnownFileType = file.storyboard; name = Base; path = Base.lproj/Main.storyboard; sourceTree = "<group>"; };
		C404058A22DEA3D100259C86 /* Assets.xcassets */ = {isa = PBXFileReference; lastKnownFileType = folder.assetcatalog; path = Assets.xcassets; sourceTree = "<group>"; };
		C404058D22DEA3D100259C86 /* Base */ = {isa = PBXFileReference; lastKnownFileType = file.storyboard; name = Base; path = Base.lproj/LaunchScreen.storyboard; sourceTree = "<group>"; };
		C404058F22DEA3D100259C86 /* Info.plist */ = {isa = PBXFileReference; lastKnownFileType = text.plist.xml; path = Info.plist; sourceTree = "<group>"; };
		C404059422DEA3D100259C86 /* CerbuAppTests.xctest */ = {isa = PBXFileReference; explicitFileType = wrapper.cfbundle; includeInIndex = 0; path = CerbuAppTests.xctest; sourceTree = BUILT_PRODUCTS_DIR; };
		C404059822DEA3D100259C86 /* CerbuAppTests.swift */ = {isa = PBXFileReference; lastKnownFileType = sourcecode.swift; path = CerbuAppTests.swift; sourceTree = "<group>"; };
		C404059A22DEA3D100259C86 /* Info.plist */ = {isa = PBXFileReference; lastKnownFileType = text.plist.xml; path = Info.plist; sourceTree = "<group>"; };
		C404059F22DEA3D100259C86 /* CerbuAppUITests.xctest */ = {isa = PBXFileReference; explicitFileType = wrapper.cfbundle; includeInIndex = 0; path = CerbuAppUITests.xctest; sourceTree = BUILT_PRODUCTS_DIR; };
		C40405A322DEA3D100259C86 /* CerbuAppUITests.swift */ = {isa = PBXFileReference; lastKnownFileType = sourcecode.swift; path = CerbuAppUITests.swift; sourceTree = "<group>"; };
		C40405A522DEA3D100259C86 /* Info.plist */ = {isa = PBXFileReference; lastKnownFileType = text.plist.xml; path = Info.plist; sourceTree = "<group>"; };
		C40405B122DF441C00259C86 /* CerbuApp.entitlements */ = {isa = PBXFileReference; lastKnownFileType = text.plist.entitlements; path = CerbuApp.entitlements; sourceTree = "<group>"; };
		C409DCB7250C3E0400DC281B /* QRScannerView.swift */ = {isa = PBXFileReference; lastKnownFileType = sourcecode.swift; path = QRScannerView.swift; sourceTree = "<group>"; };
		C433A769235463C900C6E84F /* NotificationComposerController.swift */ = {isa = PBXFileReference; lastKnownFileType = sourcecode.swift; path = NotificationComposerController.swift; sourceTree = "<group>"; };
		C433A76B2354790600C6E84F /* NotificationsTableViewController.swift */ = {isa = PBXFileReference; lastKnownFileType = sourcecode.swift; path = NotificationsTableViewController.swift; sourceTree = "<group>"; };
		C433A76D2354797000C6E84F /* NotificationCell.swift */ = {isa = PBXFileReference; lastKnownFileType = sourcecode.swift; path = NotificationCell.swift; sourceTree = "<group>"; };
		C43B49EA22E62A1300DEF572 /* Person.swift */ = {isa = PBXFileReference; lastKnownFileType = sourcecode.swift; path = Person.swift; sourceTree = "<group>"; };
		C442F4F42332AF8E00DD85D8 /* libsqlite3.tbd */ = {isa = PBXFileReference; lastKnownFileType = "sourcecode.text-based-dylib-definition"; name = libsqlite3.tbd; path = Platforms/WatchOS.platform/Developer/SDKs/WatchOS6.0.sdk/usr/lib/libsqlite3.tbd; sourceTree = DEVELOPER_DIR; };
		C446941D22DF69FB006027A8 /* TableViewController.swift */ = {isa = PBXFileReference; lastKnownFileType = sourcecode.swift; path = TableViewController.swift; sourceTree = "<group>"; };
		C4615BD92325045500C04EE7 /* FilterTableViewController.swift */ = {isa = PBXFileReference; lastKnownFileType = sourcecode.swift; path = FilterTableViewController.swift; sourceTree = "<group>"; };
		C463F53522DFDFAF003E2C64 /* libsqlite3.tbd */ = {isa = PBXFileReference; lastKnownFileType = "sourcecode.text-based-dylib-definition"; name = libsqlite3.tbd; path = usr/lib/libsqlite3.tbd; sourceTree = SDKROOT; };
		C4729F6D233663400037222D /* BarcodeViewController.swift */ = {isa = PBXFileReference; lastKnownFileType = sourcecode.swift; path = BarcodeViewController.swift; sourceTree = "<group>"; };
		C4729F6F2336A55B0037222D /* ImagePickerController.swift */ = {isa = PBXFileReference; lastKnownFileType = sourcecode.swift; path = ImagePickerController.swift; sourceTree = "<group>"; };
		C48BD7FE233BB0E600FE1C69 /* GoogleService-Info.plist */ = {isa = PBXFileReference; fileEncoding = 4; lastKnownFileType = text.plist.xml; path = "GoogleService-Info.plist"; sourceTree = "<group>"; };
		C48D5AEA22F4984B00695DB2 /* database.db */ = {isa = PBXFileReference; lastKnownFileType = file; path = database.db; sourceTree = "<group>"; };
		C49AFCD622FAE72E00A20C5D /* CardView.swift */ = {isa = PBXFileReference; lastKnownFileType = sourcecode.swift; path = CardView.swift; sourceTree = "<group>"; };
		C49AFCD822FDA5FD00A20C5D /* MainTableViewCell.swift */ = {isa = PBXFileReference; lastKnownFileType = sourcecode.swift; path = MainTableViewCell.swift; sourceTree = "<group>"; };
		C4ACF172233566CB00198891 /* MagazineController.swift */ = {isa = PBXFileReference; lastKnownFileType = sourcecode.swift; path = MagazineController.swift; sourceTree = "<group>"; };
		C4ACF1742335673900198891 /* PatioInterior.pdf */ = {isa = PBXFileReference; lastKnownFileType = image.pdf; name = PatioInterior.pdf; path = ../../../../Cerbuna/PatioInterior.pdf; sourceTree = "<group>"; };
		C4B32CE023264F77007DC778 /* SettingsViewController.swift */ = {isa = PBXFileReference; lastKnownFileType = sourcecode.swift; path = SettingsViewController.swift; sourceTree = "<group>"; };
		C4CD76E62300F1BB00964509 /* BoletinViewController.swift */ = {isa = PBXFileReference; lastKnownFileType = sourcecode.swift; path = BoletinViewController.swift; sourceTree = "<group>"; };
		C4CD76E82300F82100964509 /* WebKit.framework */ = {isa = PBXFileReference; lastKnownFileType = wrapper.framework; name = WebKit.framework; path = System/Library/Frameworks/WebKit.framework; sourceTree = SDKROOT; };
		C4CD76EA2300F86100964509 /* MenuViewController.swift */ = {isa = PBXFileReference; lastKnownFileType = sourcecode.swift; path = MenuViewController.swift; sourceTree = "<group>"; };
		C4E847CC22DFA27700F82843 /* PersonTableViewCell.swift */ = {isa = PBXFileReference; lastKnownFileType = sourcecode.swift; path = PersonTableViewCell.swift; sourceTree = "<group>"; };
		C4F95C5922F5E5FA00E3E5BD /* DetailsViewController.swift */ = {isa = PBXFileReference; lastKnownFileType = sourcecode.swift; path = DetailsViewController.swift; sourceTree = "<group>"; };
		FAAE310FF88FBC3044498835 /* Pods-CerbuApp.release.xcconfig */ = {isa = PBXFileReference; includeInIndex = 1; lastKnownFileType = text.xcconfig; name = "Pods-CerbuApp.release.xcconfig"; path = "Target Support Files/Pods-CerbuApp/Pods-CerbuApp.release.xcconfig"; sourceTree = "<group>"; };
/* End PBXFileReference section */

/* Begin PBXFrameworksBuildPhase section */
		C404057B22DEA3D000259C86 /* Frameworks */ = {
			isa = PBXFrameworksBuildPhase;
			buildActionMask = 2147483647;
			files = (
				C4CD76E92300F82100964509 /* WebKit.framework in Frameworks */,
				C463F53622DFDFC3003E2C64 /* libsqlite3.tbd in Frameworks */,
				393E8EC4DCB5972CD767B139 /* Pods_CerbuApp.framework in Frameworks */,
			);
			runOnlyForDeploymentPostprocessing = 0;
		};
		C404059122DEA3D100259C86 /* Frameworks */ = {
			isa = PBXFrameworksBuildPhase;
			buildActionMask = 2147483647;
			files = (
				CD6FB2DE59F20C4F0E33EFE5 /* Pods_CerbuAppTests.framework in Frameworks */,
			);
			runOnlyForDeploymentPostprocessing = 0;
		};
		C404059C22DEA3D100259C86 /* Frameworks */ = {
			isa = PBXFrameworksBuildPhase;
			buildActionMask = 2147483647;
			files = (
				8A1C6EE80C09B0A02B6B8CD1 /* Pods_CerbuAppUITests.framework in Frameworks */,
			);
			runOnlyForDeploymentPostprocessing = 0;
		};
/* End PBXFrameworksBuildPhase section */

/* Begin PBXGroup section */
		C404057522DEA3D000259C86 = {
			isa = PBXGroup;
			children = (
				C404058022DEA3D000259C86 /* CerbuApp */,
				C404059722DEA3D100259C86 /* CerbuAppTests */,
				C40405A222DEA3D100259C86 /* CerbuAppUITests */,
				C404057F22DEA3D000259C86 /* Products */,
				C463F53422DFDFAF003E2C64 /* Frameworks */,
				D83FD5D16ECCE1F0C4413A1C /* Pods */,
			);
			sourceTree = "<group>";
		};
		C404057F22DEA3D000259C86 /* Products */ = {
			isa = PBXGroup;
			children = (
				C404057E22DEA3D000259C86 /* CerbuApp.app */,
				C404059422DEA3D100259C86 /* CerbuAppTests.xctest */,
				C404059F22DEA3D100259C86 /* CerbuAppUITests.xctest */,
			);
			name = Products;
			sourceTree = "<group>";
		};
		C404058022DEA3D000259C86 /* CerbuApp */ = {
			isa = PBXGroup;
			children = (
				C40405B122DF441C00259C86 /* CerbuApp.entitlements */,
				C404058122DEA3D000259C86 /* AppDelegate.swift */,
				C404058322DEA3D000259C86 /* SceneDelegate.swift */,
				C404058522DEA3D000259C86 /* ViewController.swift */,
				C404058722DEA3D000259C86 /* Main.storyboard */,
				C4CD76E62300F1BB00964509 /* BoletinViewController.swift */,
				C4CD76EA2300F86100964509 /* MenuViewController.swift */,
				C4F95C5922F5E5FA00E3E5BD /* DetailsViewController.swift */,
				C4E847CC22DFA27700F82843 /* PersonTableViewCell.swift */,
				C49AFCD822FDA5FD00A20C5D /* MainTableViewCell.swift */,
				C446941D22DF69FB006027A8 /* TableViewController.swift */,
				C4615BD92325045500C04EE7 /* FilterTableViewController.swift */,
				C4B32CE023264F77007DC778 /* SettingsViewController.swift */,
				C4ACF172233566CB00198891 /* MagazineController.swift */,
				C4729F6D233663400037222D /* BarcodeViewController.swift */,
				C433A76D2354797000C6E84F /* NotificationCell.swift */,
				C433A76B2354790600C6E84F /* NotificationsTableViewController.swift */,
				C433A769235463C900C6E84F /* NotificationComposerController.swift */,
				C4729F6F2336A55B0037222D /* ImagePickerController.swift */,
				C404058A22DEA3D100259C86 /* Assets.xcassets */,
				C409DCB7250C3E0400DC281B /* QRScannerView.swift */,
				C49AFCD622FAE72E00A20C5D /* CardView.swift */,
				C43B49EA22E62A1300DEF572 /* Person.swift */,
				C404058C22DEA3D100259C86 /* LaunchScreen.storyboard */,
				C48D5AEA22F4984B00695DB2 /* database.db */,
				C4ACF1742335673900198891 /* PatioInterior.pdf */,
				C48BD7FE233BB0E600FE1C69 /* GoogleService-Info.plist */,
				C404058F22DEA3D100259C86 /* Info.plist */,
			);
			path = CerbuApp;
			sourceTree = "<group>";
		};
		C404059722DEA3D100259C86 /* CerbuAppTests */ = {
			isa = PBXGroup;
			children = (
				C404059822DEA3D100259C86 /* CerbuAppTests.swift */,
				C404059A22DEA3D100259C86 /* Info.plist */,
			);
			path = CerbuAppTests;
			sourceTree = "<group>";
		};
		C40405A222DEA3D100259C86 /* CerbuAppUITests */ = {
			isa = PBXGroup;
			children = (
				C40405A322DEA3D100259C86 /* CerbuAppUITests.swift */,
				C40405A522DEA3D100259C86 /* Info.plist */,
			);
			path = CerbuAppUITests;
			sourceTree = "<group>";
		};
		C463F53422DFDFAF003E2C64 /* Frameworks */ = {
			isa = PBXGroup;
			children = (
				C442F4F42332AF8E00DD85D8 /* libsqlite3.tbd */,
				C4CD76E82300F82100964509 /* WebKit.framework */,
				C463F53522DFDFAF003E2C64 /* libsqlite3.tbd */,
				3A0753A93964E5C2BDA86EB8 /* Pods_CerbuApp.framework */,
				02AA4FFFD8F4237DA3616AD0 /* Pods_CerbuApp_Watch.framework */,
				2986DC7BE9A42B1ECDE1075B /* Pods_CerbuApp_Watch_Extension.framework */,
				7FF28CAF2CAC04C83DB668F1 /* Pods_CerbuAppTests.framework */,
				73D5FDA5D36625C66C370E51 /* Pods_CerbuAppUITests.framework */,
			);
			name = Frameworks;
			sourceTree = "<group>";
		};
		D83FD5D16ECCE1F0C4413A1C /* Pods */ = {
			isa = PBXGroup;
			children = (
				8FC78B6F16FC392481E794C5 /* Pods-CerbuApp.debug.xcconfig */,
				FAAE310FF88FBC3044498835 /* Pods-CerbuApp.release.xcconfig */,
				897787430C88C6679727BF82 /* Pods-CerbuApp Watch.debug.xcconfig */,
				31A7BA85993E23A83BD18FC3 /* Pods-CerbuApp Watch.release.xcconfig */,
				B270631D976E7C149B532F05 /* Pods-CerbuApp Watch Extension.debug.xcconfig */,
				9EFF703FEDE6E9A340663624 /* Pods-CerbuApp Watch Extension.release.xcconfig */,
				BF09ADEF7739AB828A42A96D /* Pods-CerbuAppTests.debug.xcconfig */,
				7C037290900C1183EF7EA80C /* Pods-CerbuAppTests.release.xcconfig */,
				9683DEC319ADA670A3FFCB3E /* Pods-CerbuAppUITests.debug.xcconfig */,
				6CCE65D9807C2CB757E3B4ED /* Pods-CerbuAppUITests.release.xcconfig */,
			);
			path = Pods;
			sourceTree = "<group>";
		};
/* End PBXGroup section */

/* Begin PBXNativeTarget section */
		C404057D22DEA3D000259C86 /* CerbuApp */ = {
			isa = PBXNativeTarget;
			buildConfigurationList = C40405A822DEA3D100259C86 /* Build configuration list for PBXNativeTarget "CerbuApp" */;
			buildPhases = (
				7A552AE4D57E9269F410FCD3 /* [CP] Check Pods Manifest.lock */,
				C404057A22DEA3D000259C86 /* Sources */,
				C404057B22DEA3D000259C86 /* Frameworks */,
				C404057C22DEA3D000259C86 /* Resources */,
				C442F4EC233287ED00DD85D8 /* Embed Watch Content */,
				D422AE52B01EF42D3F8732BA /* [CP] Embed Pods Frameworks */,
			);
			buildRules = (
			);
			dependencies = (
			);
			name = CerbuApp;
			productName = CerbuApp;
			productReference = C404057E22DEA3D000259C86 /* CerbuApp.app */;
			productType = "com.apple.product-type.application";
		};
		C404059322DEA3D100259C86 /* CerbuAppTests */ = {
			isa = PBXNativeTarget;
			buildConfigurationList = C40405AB22DEA3D100259C86 /* Build configuration list for PBXNativeTarget "CerbuAppTests" */;
			buildPhases = (
				DCDF1F8AF637D8CC9763E2EA /* [CP] Check Pods Manifest.lock */,
				C404059022DEA3D100259C86 /* Sources */,
				C404059122DEA3D100259C86 /* Frameworks */,
				C404059222DEA3D100259C86 /* Resources */,
			);
			buildRules = (
			);
			dependencies = (
				C404059622DEA3D100259C86 /* PBXTargetDependency */,
			);
			name = CerbuAppTests;
			productName = CerbuAppTests;
			productReference = C404059422DEA3D100259C86 /* CerbuAppTests.xctest */;
			productType = "com.apple.product-type.bundle.unit-test";
		};
		C404059E22DEA3D100259C86 /* CerbuAppUITests */ = {
			isa = PBXNativeTarget;
			buildConfigurationList = C40405AE22DEA3D100259C86 /* Build configuration list for PBXNativeTarget "CerbuAppUITests" */;
			buildPhases = (
				DE375A76F96A805B8061915E /* [CP] Check Pods Manifest.lock */,
				C404059B22DEA3D100259C86 /* Sources */,
				C404059C22DEA3D100259C86 /* Frameworks */,
				C404059D22DEA3D100259C86 /* Resources */,
			);
			buildRules = (
			);
			dependencies = (
				C40405A122DEA3D100259C86 /* PBXTargetDependency */,
			);
			name = CerbuAppUITests;
			productName = CerbuAppUITests;
			productReference = C404059F22DEA3D100259C86 /* CerbuAppUITests.xctest */;
			productType = "com.apple.product-type.bundle.ui-testing";
		};
/* End PBXNativeTarget section */

/* Begin PBXProject section */
		C404057622DEA3D000259C86 /* Project object */ = {
			isa = PBXProject;
			attributes = {
				LastSwiftUpdateCheck = 1100;
				LastUpgradeCheck = 1200;
				ORGANIZATIONNAME = "Raúl Montón Pinillos";
				TargetAttributes = {
					C404057D22DEA3D000259C86 = {
						CreatedOnToolsVersion = 11.0;
					};
					C404059322DEA3D100259C86 = {
						CreatedOnToolsVersion = 11.0;
						TestTargetID = C404057D22DEA3D000259C86;
					};
					C404059E22DEA3D100259C86 = {
						CreatedOnToolsVersion = 11.0;
						TestTargetID = C404057D22DEA3D000259C86;
					};
				};
			};
			buildConfigurationList = C404057922DEA3D000259C86 /* Build configuration list for PBXProject "CerbuApp" */;
			compatibilityVersion = "Xcode 9.3";
			developmentRegion = en;
			hasScannedForEncodings = 0;
			knownRegions = (
				en,
				Base,
			);
			mainGroup = C404057522DEA3D000259C86;
			productRefGroup = C404057F22DEA3D000259C86 /* Products */;
			projectDirPath = "";
			projectRoot = "";
			targets = (
				C404057D22DEA3D000259C86 /* CerbuApp */,
				C404059322DEA3D100259C86 /* CerbuAppTests */,
				C404059E22DEA3D100259C86 /* CerbuAppUITests */,
			);
		};
/* End PBXProject section */

/* Begin PBXResourcesBuildPhase section */
		C404057C22DEA3D000259C86 /* Resources */ = {
			isa = PBXResourcesBuildPhase;
			buildActionMask = 2147483647;
			files = (
				C48D5AEB22F4A88A00695DB2 /* database.db in Resources */,
				C404058E22DEA3D100259C86 /* LaunchScreen.storyboard in Resources */,
				C404058B22DEA3D100259C86 /* Assets.xcassets in Resources */,
				C4ACF1752335673A00198891 /* PatioInterior.pdf in Resources */,
				C404058922DEA3D000259C86 /* Main.storyboard in Resources */,
				C48BD7FF233BB0E600FE1C69 /* GoogleService-Info.plist in Resources */,
			);
			runOnlyForDeploymentPostprocessing = 0;
		};
		C404059222DEA3D100259C86 /* Resources */ = {
			isa = PBXResourcesBuildPhase;
			buildActionMask = 2147483647;
			files = (
			);
			runOnlyForDeploymentPostprocessing = 0;
		};
		C404059D22DEA3D100259C86 /* Resources */ = {
			isa = PBXResourcesBuildPhase;
			buildActionMask = 2147483647;
			files = (
			);
			runOnlyForDeploymentPostprocessing = 0;
		};
/* End PBXResourcesBuildPhase section */

/* Begin PBXShellScriptBuildPhase section */
		7A552AE4D57E9269F410FCD3 /* [CP] Check Pods Manifest.lock */ = {
			isa = PBXShellScriptBuildPhase;
			buildActionMask = 2147483647;
			files = (
			);
			inputFileListPaths = (
			);
			inputPaths = (
				"${PODS_PODFILE_DIR_PATH}/Podfile.lock",
				"${PODS_ROOT}/Manifest.lock",
			);
			name = "[CP] Check Pods Manifest.lock";
			outputFileListPaths = (
			);
			outputPaths = (
				"$(DERIVED_FILE_DIR)/Pods-CerbuApp-checkManifestLockResult.txt",
			);
			runOnlyForDeploymentPostprocessing = 0;
			shellPath = /bin/sh;
			shellScript = "diff \"${PODS_PODFILE_DIR_PATH}/Podfile.lock\" \"${PODS_ROOT}/Manifest.lock\" > /dev/null\nif [ $? != 0 ] ; then\n    # print error to STDERR\n    echo \"error: The sandbox is not in sync with the Podfile.lock. Run 'pod install' or update your CocoaPods installation.\" >&2\n    exit 1\nfi\n# This output is used by Xcode 'outputs' to avoid re-running this script phase.\necho \"SUCCESS\" > \"${SCRIPT_OUTPUT_FILE_0}\"\n";
			showEnvVarsInLog = 0;
		};
		D422AE52B01EF42D3F8732BA /* [CP] Embed Pods Frameworks */ = {
			isa = PBXShellScriptBuildPhase;
			buildActionMask = 2147483647;
			files = (
			);
			inputFileListPaths = (
				"${PODS_ROOT}/Target Support Files/Pods-CerbuApp/Pods-CerbuApp-frameworks-${CONFIGURATION}-input-files.xcfilelist",
			);
			name = "[CP] Embed Pods Frameworks";
			outputFileListPaths = (
				"${PODS_ROOT}/Target Support Files/Pods-CerbuApp/Pods-CerbuApp-frameworks-${CONFIGURATION}-output-files.xcfilelist",
			);
			runOnlyForDeploymentPostprocessing = 0;
			shellPath = /bin/sh;
			shellScript = "\"${PODS_ROOT}/Target Support Files/Pods-CerbuApp/Pods-CerbuApp-frameworks.sh\"\n";
			showEnvVarsInLog = 0;
		};
		DCDF1F8AF637D8CC9763E2EA /* [CP] Check Pods Manifest.lock */ = {
			isa = PBXShellScriptBuildPhase;
			buildActionMask = 2147483647;
			files = (
			);
			inputFileListPaths = (
			);
			inputPaths = (
				"${PODS_PODFILE_DIR_PATH}/Podfile.lock",
				"${PODS_ROOT}/Manifest.lock",
			);
			name = "[CP] Check Pods Manifest.lock";
			outputFileListPaths = (
			);
			outputPaths = (
				"$(DERIVED_FILE_DIR)/Pods-CerbuAppTests-checkManifestLockResult.txt",
			);
			runOnlyForDeploymentPostprocessing = 0;
			shellPath = /bin/sh;
			shellScript = "diff \"${PODS_PODFILE_DIR_PATH}/Podfile.lock\" \"${PODS_ROOT}/Manifest.lock\" > /dev/null\nif [ $? != 0 ] ; then\n    # print error to STDERR\n    echo \"error: The sandbox is not in sync with the Podfile.lock. Run 'pod install' or update your CocoaPods installation.\" >&2\n    exit 1\nfi\n# This output is used by Xcode 'outputs' to avoid re-running this script phase.\necho \"SUCCESS\" > \"${SCRIPT_OUTPUT_FILE_0}\"\n";
			showEnvVarsInLog = 0;
		};
		DE375A76F96A805B8061915E /* [CP] Check Pods Manifest.lock */ = {
			isa = PBXShellScriptBuildPhase;
			buildActionMask = 2147483647;
			files = (
			);
			inputFileListPaths = (
			);
			inputPaths = (
				"${PODS_PODFILE_DIR_PATH}/Podfile.lock",
				"${PODS_ROOT}/Manifest.lock",
			);
			name = "[CP] Check Pods Manifest.lock";
			outputFileListPaths = (
			);
			outputPaths = (
				"$(DERIVED_FILE_DIR)/Pods-CerbuAppUITests-checkManifestLockResult.txt",
			);
			runOnlyForDeploymentPostprocessing = 0;
			shellPath = /bin/sh;
			shellScript = "diff \"${PODS_PODFILE_DIR_PATH}/Podfile.lock\" \"${PODS_ROOT}/Manifest.lock\" > /dev/null\nif [ $? != 0 ] ; then\n    # print error to STDERR\n    echo \"error: The sandbox is not in sync with the Podfile.lock. Run 'pod install' or update your CocoaPods installation.\" >&2\n    exit 1\nfi\n# This output is used by Xcode 'outputs' to avoid re-running this script phase.\necho \"SUCCESS\" > \"${SCRIPT_OUTPUT_FILE_0}\"\n";
			showEnvVarsInLog = 0;
		};
/* End PBXShellScriptBuildPhase section */

/* Begin PBXSourcesBuildPhase section */
		C404057A22DEA3D000259C86 /* Sources */ = {
			isa = PBXSourcesBuildPhase;
			buildActionMask = 2147483647;
			files = (
				C433A76A235463C900C6E84F /* NotificationComposerController.swift in Sources */,
				C43B49EB22E62A1300DEF572 /* Person.swift in Sources */,
				C49AFCD922FDA5FD00A20C5D /* MainTableViewCell.swift in Sources */,
				C4CD76E72300F1BB00964509 /* BoletinViewController.swift in Sources */,
				C404058622DEA3D000259C86 /* ViewController.swift in Sources */,
				C4CD76EB2300F86100964509 /* MenuViewController.swift in Sources */,
				C404058222DEA3D000259C86 /* AppDelegate.swift in Sources */,
				C433A76E2354797000C6E84F /* NotificationCell.swift in Sources */,
				C446941E22DF69FB006027A8 /* TableViewController.swift in Sources */,
				C433A76C2354790600C6E84F /* NotificationsTableViewController.swift in Sources */,
				C4615BDA2325045500C04EE7 /* FilterTableViewController.swift in Sources */,
				C4F95C5A22F5E5FA00E3E5BD /* DetailsViewController.swift in Sources */,
				C4E847CD22DFA27700F82843 /* PersonTableViewCell.swift in Sources */,
				C4B32CE123264F77007DC778 /* SettingsViewController.swift in Sources */,
				C409DCB8250C3E0400DC281B /* QRScannerView.swift in Sources */,
				C4729F702336A55B0037222D /* ImagePickerController.swift in Sources */,
				C49AFCD722FAE72E00A20C5D /* CardView.swift in Sources */,
				C404058422DEA3D000259C86 /* SceneDelegate.swift in Sources */,
				C4ACF173233566CB00198891 /* MagazineController.swift in Sources */,
				C4729F6E233663400037222D /* BarcodeViewController.swift in Sources */,
			);
			runOnlyForDeploymentPostprocessing = 0;
		};
		C404059022DEA3D100259C86 /* Sources */ = {
			isa = PBXSourcesBuildPhase;
			buildActionMask = 2147483647;
			files = (
				C404059922DEA3D100259C86 /* CerbuAppTests.swift in Sources */,
			);
			runOnlyForDeploymentPostprocessing = 0;
		};
		C404059B22DEA3D100259C86 /* Sources */ = {
			isa = PBXSourcesBuildPhase;
			buildActionMask = 2147483647;
			files = (
				C40405A422DEA3D100259C86 /* CerbuAppUITests.swift in Sources */,
			);
			runOnlyForDeploymentPostprocessing = 0;
		};
/* End PBXSourcesBuildPhase section */

/* Begin PBXTargetDependency section */
		C404059622DEA3D100259C86 /* PBXTargetDependency */ = {
			isa = PBXTargetDependency;
			target = C404057D22DEA3D000259C86 /* CerbuApp */;
			targetProxy = C404059522DEA3D100259C86 /* PBXContainerItemProxy */;
		};
		C40405A122DEA3D100259C86 /* PBXTargetDependency */ = {
			isa = PBXTargetDependency;
			target = C404057D22DEA3D000259C86 /* CerbuApp */;
			targetProxy = C40405A022DEA3D100259C86 /* PBXContainerItemProxy */;
		};
/* End PBXTargetDependency section */

/* Begin PBXVariantGroup section */
		C404058722DEA3D000259C86 /* Main.storyboard */ = {
			isa = PBXVariantGroup;
			children = (
				C404058822DEA3D000259C86 /* Base */,
			);
			name = Main.storyboard;
			sourceTree = "<group>";
		};
		C404058C22DEA3D100259C86 /* LaunchScreen.storyboard */ = {
			isa = PBXVariantGroup;
			children = (
				C404058D22DEA3D100259C86 /* Base */,
			);
			name = LaunchScreen.storyboard;
			sourceTree = "<group>";
		};
/* End PBXVariantGroup section */

/* Begin XCBuildConfiguration section */
		C40405A622DEA3D100259C86 /* Debug */ = {
			isa = XCBuildConfiguration;
			buildSettings = {
				ALWAYS_SEARCH_USER_PATHS = NO;
				CLANG_ANALYZER_NONNULL = YES;
				CLANG_ANALYZER_NUMBER_OBJECT_CONVERSION = YES_AGGRESSIVE;
				CLANG_CXX_LANGUAGE_STANDARD = "gnu++14";
				CLANG_CXX_LIBRARY = "libc++";
				CLANG_ENABLE_MODULES = YES;
				CLANG_ENABLE_OBJC_ARC = YES;
				CLANG_ENABLE_OBJC_WEAK = YES;
				CLANG_WARN_BLOCK_CAPTURE_AUTORELEASING = YES;
				CLANG_WARN_BOOL_CONVERSION = YES;
				CLANG_WARN_COMMA = YES;
				CLANG_WARN_CONSTANT_CONVERSION = YES;
				CLANG_WARN_DEPRECATED_OBJC_IMPLEMENTATIONS = YES;
				CLANG_WARN_DIRECT_OBJC_ISA_USAGE = YES_ERROR;
				CLANG_WARN_DOCUMENTATION_COMMENTS = YES;
				CLANG_WARN_EMPTY_BODY = YES;
				CLANG_WARN_ENUM_CONVERSION = YES;
				CLANG_WARN_INFINITE_RECURSION = YES;
				CLANG_WARN_INT_CONVERSION = YES;
				CLANG_WARN_NON_LITERAL_NULL_CONVERSION = YES;
				CLANG_WARN_OBJC_IMPLICIT_RETAIN_SELF = YES;
				CLANG_WARN_OBJC_LITERAL_CONVERSION = YES;
				CLANG_WARN_OBJC_ROOT_CLASS = YES_ERROR;
				CLANG_WARN_QUOTED_INCLUDE_IN_FRAMEWORK_HEADER = YES;
				CLANG_WARN_RANGE_LOOP_ANALYSIS = YES;
				CLANG_WARN_STRICT_PROTOTYPES = YES;
				CLANG_WARN_SUSPICIOUS_MOVE = YES;
				CLANG_WARN_UNGUARDED_AVAILABILITY = YES_AGGRESSIVE;
				CLANG_WARN_UNREACHABLE_CODE = YES;
				CLANG_WARN__DUPLICATE_METHOD_MATCH = YES;
				COPY_PHASE_STRIP = NO;
				DEBUG_INFORMATION_FORMAT = dwarf;
				ENABLE_STRICT_OBJC_MSGSEND = YES;
				ENABLE_TESTABILITY = YES;
				GCC_C_LANGUAGE_STANDARD = gnu11;
				GCC_DYNAMIC_NO_PIC = NO;
				GCC_NO_COMMON_BLOCKS = YES;
				GCC_OPTIMIZATION_LEVEL = 0;
				GCC_PREPROCESSOR_DEFINITIONS = (
					"DEBUG=1",
					"$(inherited)",
				);
				GCC_WARN_64_TO_32_BIT_CONVERSION = YES;
				GCC_WARN_ABOUT_RETURN_TYPE = YES_ERROR;
				GCC_WARN_UNDECLARED_SELECTOR = YES;
				GCC_WARN_UNINITIALIZED_AUTOS = YES_AGGRESSIVE;
				GCC_WARN_UNUSED_FUNCTION = YES;
				GCC_WARN_UNUSED_VARIABLE = YES;
				IPHONEOS_DEPLOYMENT_TARGET = 13.0;
				MTL_ENABLE_DEBUG_INFO = INCLUDE_SOURCE;
				MTL_FAST_MATH = YES;
				ONLY_ACTIVE_ARCH = YES;
				SDKROOT = iphoneos;
				SWIFT_ACTIVE_COMPILATION_CONDITIONS = DEBUG;
				SWIFT_OPTIMIZATION_LEVEL = "-Onone";
			};
			name = Debug;
		};
		C40405A722DEA3D100259C86 /* Release */ = {
			isa = XCBuildConfiguration;
			buildSettings = {
				ALWAYS_SEARCH_USER_PATHS = NO;
				CLANG_ANALYZER_NONNULL = YES;
				CLANG_ANALYZER_NUMBER_OBJECT_CONVERSION = YES_AGGRESSIVE;
				CLANG_CXX_LANGUAGE_STANDARD = "gnu++14";
				CLANG_CXX_LIBRARY = "libc++";
				CLANG_ENABLE_MODULES = YES;
				CLANG_ENABLE_OBJC_ARC = YES;
				CLANG_ENABLE_OBJC_WEAK = YES;
				CLANG_WARN_BLOCK_CAPTURE_AUTORELEASING = YES;
				CLANG_WARN_BOOL_CONVERSION = YES;
				CLANG_WARN_COMMA = YES;
				CLANG_WARN_CONSTANT_CONVERSION = YES;
				CLANG_WARN_DEPRECATED_OBJC_IMPLEMENTATIONS = YES;
				CLANG_WARN_DIRECT_OBJC_ISA_USAGE = YES_ERROR;
				CLANG_WARN_DOCUMENTATION_COMMENTS = YES;
				CLANG_WARN_EMPTY_BODY = YES;
				CLANG_WARN_ENUM_CONVERSION = YES;
				CLANG_WARN_INFINITE_RECURSION = YES;
				CLANG_WARN_INT_CONVERSION = YES;
				CLANG_WARN_NON_LITERAL_NULL_CONVERSION = YES;
				CLANG_WARN_OBJC_IMPLICIT_RETAIN_SELF = YES;
				CLANG_WARN_OBJC_LITERAL_CONVERSION = YES;
				CLANG_WARN_OBJC_ROOT_CLASS = YES_ERROR;
				CLANG_WARN_QUOTED_INCLUDE_IN_FRAMEWORK_HEADER = YES;
				CLANG_WARN_RANGE_LOOP_ANALYSIS = YES;
				CLANG_WARN_STRICT_PROTOTYPES = YES;
				CLANG_WARN_SUSPICIOUS_MOVE = YES;
				CLANG_WARN_UNGUARDED_AVAILABILITY = YES_AGGRESSIVE;
				CLANG_WARN_UNREACHABLE_CODE = YES;
				CLANG_WARN__DUPLICATE_METHOD_MATCH = YES;
				COPY_PHASE_STRIP = NO;
				DEBUG_INFORMATION_FORMAT = "dwarf-with-dsym";
				ENABLE_NS_ASSERTIONS = NO;
				ENABLE_STRICT_OBJC_MSGSEND = YES;
				GCC_C_LANGUAGE_STANDARD = gnu11;
				GCC_NO_COMMON_BLOCKS = YES;
				GCC_WARN_64_TO_32_BIT_CONVERSION = YES;
				GCC_WARN_ABOUT_RETURN_TYPE = YES_ERROR;
				GCC_WARN_UNDECLARED_SELECTOR = YES;
				GCC_WARN_UNINITIALIZED_AUTOS = YES_AGGRESSIVE;
				GCC_WARN_UNUSED_FUNCTION = YES;
				GCC_WARN_UNUSED_VARIABLE = YES;
				IPHONEOS_DEPLOYMENT_TARGET = 13.0;
				MTL_ENABLE_DEBUG_INFO = NO;
				MTL_FAST_MATH = YES;
				SDKROOT = iphoneos;
				SWIFT_COMPILATION_MODE = wholemodule;
				SWIFT_OPTIMIZATION_LEVEL = "-O";
				VALIDATE_PRODUCT = YES;
			};
			name = Release;
		};
		C40405A922DEA3D100259C86 /* Debug */ = {
			isa = XCBuildConfiguration;
			baseConfigurationReference = 8FC78B6F16FC392481E794C5 /* Pods-CerbuApp.debug.xcconfig */;
			buildSettings = {
				ASSETCATALOG_COMPILER_APPICON_NAME = AppIcon;
				CODE_SIGN_ENTITLEMENTS = CerbuApp/CerbuApp.entitlements;
				CODE_SIGN_STYLE = Automatic;
				DERIVE_UIKITFORMAC_PRODUCT_BUNDLE_IDENTIFIER = YES;
				DEVELOPMENT_TEAM = 4ND4CZC2FK;
				INFOPLIST_FILE = CerbuApp/Info.plist;
				IPHONEOS_DEPLOYMENT_TARGET = 13.0;
				LD_RUNPATH_SEARCH_PATHS = (
					"$(inherited)",
					"@executable_path/Frameworks",
				);
				PRODUCT_BUNDLE_IDENTIFIER = com.raulmonton.CerbuApp;
				PRODUCT_NAME = "$(TARGET_NAME)";
				SUPPORTS_UIKITFORMAC = YES;
				SWIFT_VERSION = 5.0;
				TARGETED_DEVICE_FAMILY = "1,2";
			};
			name = Debug;
		};
		C40405AA22DEA3D100259C86 /* Release */ = {
			isa = XCBuildConfiguration;
			baseConfigurationReference = FAAE310FF88FBC3044498835 /* Pods-CerbuApp.release.xcconfig */;
			buildSettings = {
				ASSETCATALOG_COMPILER_APPICON_NAME = AppIcon;
				CODE_SIGN_ENTITLEMENTS = CerbuApp/CerbuApp.entitlements;
				CODE_SIGN_STYLE = Automatic;
				DERIVE_UIKITFORMAC_PRODUCT_BUNDLE_IDENTIFIER = YES;
				DEVELOPMENT_TEAM = 4ND4CZC2FK;
				INFOPLIST_FILE = CerbuApp/Info.plist;
				IPHONEOS_DEPLOYMENT_TARGET = 13.0;
				LD_RUNPATH_SEARCH_PATHS = (
					"$(inherited)",
					"@executable_path/Frameworks",
				);
				PRODUCT_BUNDLE_IDENTIFIER = com.raulmonton.CerbuApp;
				PRODUCT_NAME = "$(TARGET_NAME)";
				SUPPORTS_UIKITFORMAC = YES;
				SWIFT_VERSION = 5.0;
				TARGETED_DEVICE_FAMILY = "1,2";
			};
			name = Release;
		};
		C40405AC22DEA3D100259C86 /* Debug */ = {
			isa = XCBuildConfiguration;
			baseConfigurationReference = BF09ADEF7739AB828A42A96D /* Pods-CerbuAppTests.debug.xcconfig */;
			buildSettings = {
				ALWAYS_EMBED_SWIFT_STANDARD_LIBRARIES = YES;
				BUNDLE_LOADER = "$(TEST_HOST)";
				CODE_SIGN_STYLE = Automatic;
				DEVELOPMENT_TEAM = 4ND4CZC2FK;
				INFOPLIST_FILE = CerbuAppTests/Info.plist;
				LD_RUNPATH_SEARCH_PATHS = (
					"$(inherited)",
					"@executable_path/Frameworks",
					"@loader_path/Frameworks",
				);
				PRODUCT_BUNDLE_IDENTIFIER = com.raulmonton.CerbuAppTests;
				PRODUCT_NAME = "$(TARGET_NAME)";
				SWIFT_VERSION = 5.0;
				TARGETED_DEVICE_FAMILY = "1,2";
				TEST_HOST = "$(BUILT_PRODUCTS_DIR)/CerbuApp.app/CerbuApp";
			};
			name = Debug;
		};
		C40405AD22DEA3D100259C86 /* Release */ = {
			isa = XCBuildConfiguration;
			baseConfigurationReference = 7C037290900C1183EF7EA80C /* Pods-CerbuAppTests.release.xcconfig */;
			buildSettings = {
				ALWAYS_EMBED_SWIFT_STANDARD_LIBRARIES = YES;
				BUNDLE_LOADER = "$(TEST_HOST)";
				CODE_SIGN_STYLE = Automatic;
				DEVELOPMENT_TEAM = 4ND4CZC2FK;
				INFOPLIST_FILE = CerbuAppTests/Info.plist;
				LD_RUNPATH_SEARCH_PATHS = (
					"$(inherited)",
					"@executable_path/Frameworks",
					"@loader_path/Frameworks",
				);
				PRODUCT_BUNDLE_IDENTIFIER = com.raulmonton.CerbuAppTests;
				PRODUCT_NAME = "$(TARGET_NAME)";
				SWIFT_VERSION = 5.0;
				TARGETED_DEVICE_FAMILY = "1,2";
				TEST_HOST = "$(BUILT_PRODUCTS_DIR)/CerbuApp.app/CerbuApp";
			};
			name = Release;
		};
		C40405AF22DEA3D100259C86 /* Debug */ = {
			isa = XCBuildConfiguration;
			baseConfigurationReference = 9683DEC319ADA670A3FFCB3E /* Pods-CerbuAppUITests.debug.xcconfig */;
			buildSettings = {
				ALWAYS_EMBED_SWIFT_STANDARD_LIBRARIES = YES;
				CODE_SIGN_STYLE = Automatic;
				DEVELOPMENT_TEAM = 4ND4CZC2FK;
				INFOPLIST_FILE = CerbuAppUITests/Info.plist;
				LD_RUNPATH_SEARCH_PATHS = (
					"$(inherited)",
					"@executable_path/Frameworks",
					"@loader_path/Frameworks",
				);
				PRODUCT_BUNDLE_IDENTIFIER = com.raulmonton.CerbuAppUITests;
				PRODUCT_NAME = "$(TARGET_NAME)";
				SWIFT_VERSION = 5.0;
				TARGETED_DEVICE_FAMILY = "1,2";
				TEST_TARGET_NAME = CerbuApp;
			};
			name = Debug;
		};
		C40405B022DEA3D100259C86 /* Release */ = {
			isa = XCBuildConfiguration;
			baseConfigurationReference = 6CCE65D9807C2CB757E3B4ED /* Pods-CerbuAppUITests.release.xcconfig */;
			buildSettings = {
				ALWAYS_EMBED_SWIFT_STANDARD_LIBRARIES = YES;
				CODE_SIGN_STYLE = Automatic;
				DEVELOPMENT_TEAM = 4ND4CZC2FK;
				INFOPLIST_FILE = CerbuAppUITests/Info.plist;
				LD_RUNPATH_SEARCH_PATHS = (
					"$(inherited)",
					"@executable_path/Frameworks",
					"@loader_path/Frameworks",
				);
				PRODUCT_BUNDLE_IDENTIFIER = com.raulmonton.CerbuAppUITests;
				PRODUCT_NAME = "$(TARGET_NAME)";
				SWIFT_VERSION = 5.0;
				TARGETED_DEVICE_FAMILY = "1,2";
				TEST_TARGET_NAME = CerbuApp;
			};
			name = Release;
		};
/* End XCBuildConfiguration section */

/* Begin XCConfigurationList section */
		C404057922DEA3D000259C86 /* Build configuration list for PBXProject "CerbuApp" */ = {
			isa = XCConfigurationList;
			buildConfigurations = (
				C40405A622DEA3D100259C86 /* Debug */,
				C40405A722DEA3D100259C86 /* Release */,
			);
			defaultConfigurationIsVisible = 0;
			defaultConfigurationName = Release;
		};
		C40405A822DEA3D100259C86 /* Build configuration list for PBXNativeTarget "CerbuApp" */ = {
			isa = XCConfigurationList;
			buildConfigurations = (
				C40405A922DEA3D100259C86 /* Debug */,
				C40405AA22DEA3D100259C86 /* Release */,
			);
			defaultConfigurationIsVisible = 0;
			defaultConfigurationName = Release;
		};
		C40405AB22DEA3D100259C86 /* Build configuration list for PBXNativeTarget "CerbuAppTests" */ = {
			isa = XCConfigurationList;
			buildConfigurations = (
				C40405AC22DEA3D100259C86 /* Debug */,
				C40405AD22DEA3D100259C86 /* Release */,
			);
			defaultConfigurationIsVisible = 0;
			defaultConfigurationName = Release;
		};
		C40405AE22DEA3D100259C86 /* Build configuration list for PBXNativeTarget "CerbuAppUITests" */ = {
			isa = XCConfigurationList;
			buildConfigurations = (
				C40405AF22DEA3D100259C86 /* Debug */,
				C40405B022DEA3D100259C86 /* Release */,
			);
			defaultConfigurationIsVisible = 0;
			defaultConfigurationName = Release;
		};
/* End XCConfigurationList section */
	};
	rootObject = C404057622DEA3D000259C86 /* Project object */;
}
